
Microsoft Visual Studio Solution File, Format Version 12.00
# Visual Studio Version 17
VisualStudioVersion = 17.1.32328.378
MinimumVisualStudioVersion = 10.0.40219.1
Project("{FAE04EC0-301F-11D3-BF4B-00C04F79EFBC}") = "MethodExercise", "MethodExercise\MethodExercise.csproj", "{B200B906-6C39-414B-A31F-307AFCC3D411}"
EndProject
Global
	GlobalSection(SolutionConfigurationPlatforms) = preSolution
		Debug|Any CPU = Debug|Any CPU
		Release|Any CPU = Release|Any CPU
	EndGlobalSection
	GlobalSection(ProjectConfigurationPlatforms) = postSolution
		{B200B906-6C39-414B-A31F-307AFCC3D411}.Debug|Any CPU.ActiveCfg = Debug|Any CPU
		{B200B906-6C39-414B-A31F-307AFCC3D411}.Debug|Any CPU.Build.0 = Debug|Any CPU
		{B200B906-6C39-414B-A31F-307AFCC3D411}.Release|Any CPU.ActiveCfg = Release|Any CPU
		{B200B906-6C39-414B-A31F-307AFCC3D411}.Release|Any CPU.Build.0 = Release|Any CPU
	EndGlobalSection
	GlobalSection(SolutionProperties) = preSolution
		HideSolutionNode = FALSE
	EndGlobalSection
	GlobalSection(ExtensibilityGlobals) = postSolution
		SolutionGuid = {61138A8D-0810-4638-996C-A50F5B257D4E}
	EndGlobalSection
EndGlobal
